// !$*UTF8*$!
{
	archiveVersion = 1;
	classes = {
	};
	objectVersion = 51;
	objects = {

/* Begin PBXBuildFile section */
		7DB1356C24BFFB8D004A96D4 /* AppDelegate.swift in Sources */ = {isa = PBXBuildFile; fileRef = 7DB1356B24BFFB8D004A96D4 /* AppDelegate.swift */; };
		7DB1356E24BFFB8D004A96D4 /* iniciarSesionViewController.swift in Sources */ = {isa = PBXBuildFile; fileRef = 7DB1356D24BFFB8D004A96D4 /* iniciarSesionViewController.swift */; };
		7DB1357124BFFB8D004A96D4 /* Main.storyboard in Resources */ = {isa = PBXBuildFile; fileRef = 7DB1356F24BFFB8D004A96D4 /* Main.storyboard */; };
		7DB1357424BFFB8D004A96D4 /* Snapchat.xcdatamodeld in Sources */ = {isa = PBXBuildFile; fileRef = 7DB1357224BFFB8D004A96D4 /* Snapchat.xcdatamodeld */; };
		7DB1357624BFFB8E004A96D4 /* Assets.xcassets in Resources */ = {isa = PBXBuildFile; fileRef = 7DB1357524BFFB8E004A96D4 /* Assets.xcassets */; };
		7DB1357924BFFB8E004A96D4 /* LaunchScreen.storyboard in Resources */ = {isa = PBXBuildFile; fileRef = 7DB1357724BFFB8E004A96D4 /* LaunchScreen.storyboard */; };
		7DB1358424BFFB8F004A96D4 /* SnapchatTests.swift in Sources */ = {isa = PBXBuildFile; fileRef = 7DB1358324BFFB8F004A96D4 /* SnapchatTests.swift */; };
		7DB1358F24BFFB8F004A96D4 /* SnapchatUITests.swift in Sources */ = {isa = PBXBuildFile; fileRef = 7DB1358E24BFFB8F004A96D4 /* SnapchatUITests.swift */; };
		7DB1359F24BFFCD9004A96D4 /* GoogleService-Info.plist in Resources */ = {isa = PBXBuildFile; fileRef = 7DB1359E24BFFCD8004A96D4 /* GoogleService-Info.plist */; };
		E79D89383622EEA7EC95D16B /* Pods_Snapchat.framework in Frameworks */ = {isa = PBXBuildFile; fileRef = C56A7767BB8D43CA5BEBDCE3 /* Pods_Snapchat.framework */; };
/* End PBXBuildFile section */

/* Begin PBXContainerItemProxy section */
		7DB1358024BFFB8F004A96D4 /* PBXContainerItemProxy */ = {
			isa = PBXContainerItemProxy;
			containerPortal = 7DB1356024BFFB8D004A96D4 /* Project object */;
			proxyType = 1;
			remoteGlobalIDString = 7DB1356724BFFB8D004A96D4;
			remoteInfo = Snapchat;
		};
		7DB1358B24BFFB8F004A96D4 /* PBXContainerItemProxy */ = {
			isa = PBXContainerItemProxy;
			containerPortal = 7DB1356024BFFB8D004A96D4 /* Project object */;
			proxyType = 1;
			remoteGlobalIDString = 7DB1356724BFFB8D004A96D4;
			remoteInfo = Snapchat;
		};
/* End PBXContainerItemProxy section */

/* Begin PBXFileReference section */
		35400C544A9688A181E4A06F /* Pods-Snapchat.debug.xcconfig */ = {isa = PBXFileReference; includeInIndex = 1; lastKnownFileType = text.xcconfig; name = "Pods-Snapchat.debug.xcconfig"; path = "Target Support Files/Pods-Snapchat/Pods-Snapchat.debug.xcconfig"; sourceTree = "<group>"; };
		7DB1356824BFFB8D004A96D4 /* Snapchat.app */ = {isa = PBXFileReference; explicitFileType = wrapper.application; includeInIndex = 0; path = Snapchat.app; sourceTree = BUILT_PRODUCTS_DIR; };
		7DB1356B24BFFB8D004A96D4 /* AppDelegate.swift */ = {isa = PBXFileReference; lastKnownFileType = sourcecode.swift; path = AppDelegate.swift; sourceTree = "<group>"; };
		7DB1356D24BFFB8D004A96D4 /* iniciarSesionViewController.swift */ = {isa = PBXFileReference; lastKnownFileType = sourcecode.swift; path = iniciarSesionViewController.swift; sourceTree = "<group>"; };
		7DB1357024BFFB8D004A96D4 /* Base */ = {isa = PBXFileReference; lastKnownFileType = file.storyboard; name = Base; path = Base.lproj/Main.storyboard; sourceTree = "<group>"; };
		7DB1357324BFFB8D004A96D4 /* Snapchat.xcdatamodel */ = {isa = PBXFileReference; lastKnownFileType = wrapper.xcdatamodel; path = Snapchat.xcdatamodel; sourceTree = "<group>"; };
		7DB1357524BFFB8E004A96D4 /* Assets.xcassets */ = {isa = PBXFileReference; lastKnownFileType = folder.assetcatalog; path = Assets.xcassets; sourceTree = "<group>"; };
		7DB1357824BFFB8E004A96D4 /* Base */ = {isa = PBXFileReference; lastKnownFileType = file.storyboard; name = Base; path = Base.lproj/LaunchScreen.storyboard; sourceTree = "<group>"; };
		7DB1357A24BFFB8E004A96D4 /* Info.plist */ = {isa = PBXFileReference; lastKnownFileType = text.plist.xml; path = Info.plist; sourceTree = "<group>"; };
		7DB1357F24BFFB8F004A96D4 /* SnapchatTests.xctest */ = {isa = PBXFileReference; explicitFileType = wrapper.cfbundle; includeInIndex = 0; path = SnapchatTests.xctest; sourceTree = BUILT_PRODUCTS_DIR; };
		7DB1358324BFFB8F004A96D4 /* SnapchatTests.swift */ = {isa = PBXFileReference; lastKnownFileType = sourcecode.swift; path = SnapchatTests.swift; sourceTree = "<group>"; };
		7DB1358524BFFB8F004A96D4 /* Info.plist */ = {isa = PBXFileReference; lastKnownFileType = text.plist.xml; path = Info.plist; sourceTree = "<group>"; };
		7DB1358A24BFFB8F004A96D4 /* SnapchatUITests.xctest */ = {isa = PBXFileReference; explicitFileType = wrapper.cfbundle; includeInIndex = 0; path = SnapchatUITests.xctest; sourceTree = BUILT_PRODUCTS_DIR; };
		7DB1358E24BFFB8F004A96D4 /* SnapchatUITests.swift */ = {isa = PBXFileReference; lastKnownFileType = sourcecode.swift; path = SnapchatUITests.swift; sourceTree = "<group>"; };
		7DB1359024BFFB8F004A96D4 /* Info.plist */ = {isa = PBXFileReference; lastKnownFileType = text.plist.xml; path = Info.plist; sourceTree = "<group>"; };
		7DB1359E24BFFCD8004A96D4 /* GoogleService-Info.plist */ = {isa = PBXFileReference; fileEncoding = 4; lastKnownFileType = text.plist.xml; path = "GoogleService-Info.plist"; sourceTree = "<group>"; };
		C56A7767BB8D43CA5BEBDCE3 /* Pods_Snapchat.framework */ = {isa = PBXFileReference; explicitFileType = wrapper.framework; includeInIndex = 0; path = Pods_Snapchat.framework; sourceTree = BUILT_PRODUCTS_DIR; };
		E32359C52E143C9A46E8C0EE /* Pods-Snapchat.release.xcconfig */ = {isa = PBXFileReference; includeInIndex = 1; lastKnownFileType = text.xcconfig; name = "Pods-Snapchat.release.xcconfig"; path = "Target Support Files/Pods-Snapchat/Pods-Snapchat.release.xcconfig"; sourceTree = "<group>"; };
/* End PBXFileReference section */

/* Begin PBXFrameworksBuildPhase section */
		7DB1356524BFFB8D004A96D4 /* Frameworks */ = {
			isa = PBXFrameworksBuildPhase;
			buildActionMask = 2147483647;
			files = (
				E79D89383622EEA7EC95D16B /* Pods_Snapchat.framework in Frameworks */,
			);
			runOnlyForDeploymentPostprocessing = 0;
		};
		7DB1357C24BFFB8F004A96D4 /* Frameworks */ = {
			isa = PBXFrameworksBuildPhase;
			buildActionMask = 2147483647;
			files = (
			);
			runOnlyForDeploymentPostprocessing = 0;
		};
		7DB1358724BFFB8F004A96D4 /* Frameworks */ = {
			isa = PBXFrameworksBuildPhase;
			buildActionMask = 2147483647;
			files = (
			);
			runOnlyForDeploymentPostprocessing = 0;
		};
/* End PBXFrameworksBuildPhase section */

/* Begin PBXGroup section */
		2DF221D5CDDA9A1B803FB7C5 /* Frameworks */ = {
			isa = PBXGroup;
			children = (
				C56A7767BB8D43CA5BEBDCE3 /* Pods_Snapchat.framework */,
			);
			name = Frameworks;
			sourceTree = "<group>";
		};
		7DB1355F24BFFB8D004A96D4 = {
			isa = PBXGroup;
			children = (
				7DB1356A24BFFB8D004A96D4 /* Snapchat */,
				7DB1358224BFFB8F004A96D4 /* SnapchatTests */,
				7DB1358D24BFFB8F004A96D4 /* SnapchatUITests */,
				7DB1356924BFFB8D004A96D4 /* Products */,
				E7A3E8F46B62359F0BAE5533 /* Pods */,
				2DF221D5CDDA9A1B803FB7C5 /* Frameworks */,
			);
			sourceTree = "<group>";
		};
		7DB1356924BFFB8D004A96D4 /* Products */ = {
			isa = PBXGroup;
			children = (
				7DB1356824BFFB8D004A96D4 /* Snapchat.app */,
				7DB1357F24BFFB8F004A96D4 /* SnapchatTests.xctest */,
				7DB1358A24BFFB8F004A96D4 /* SnapchatUITests.xctest */,
			);
			name = Products;
			sourceTree = "<group>";
		};
		7DB1356A24BFFB8D004A96D4 /* Snapchat */ = {
			isa = PBXGroup;
			children = (
				7DB1359E24BFFCD8004A96D4 /* GoogleService-Info.plist */,
				7DB1356B24BFFB8D004A96D4 /* AppDelegate.swift */,
				7DB1356D24BFFB8D004A96D4 /* iniciarSesionViewController.swift */,
				7DB1356F24BFFB8D004A96D4 /* Main.storyboard */,
				7DB1357524BFFB8E004A96D4 /* Assets.xcassets */,
				7DB1357724BFFB8E004A96D4 /* LaunchScreen.storyboard */,
				7DB1357A24BFFB8E004A96D4 /* Info.plist */,
				7DB1357224BFFB8D004A96D4 /* Snapchat.xcdatamodeld */,
			);
			path = Snapchat;
			sourceTree = "<group>";
		};
		7DB1358224BFFB8F004A96D4 /* SnapchatTests */ = {
			isa = PBXGroup;
			children = (
				7DB1358324BFFB8F004A96D4 /* SnapchatTests.swift */,
				7DB1358524BFFB8F004A96D4 /* Info.plist */,
			);
			path = SnapchatTests;
			sourceTree = "<group>";
		};
		7DB1358D24BFFB8F004A96D4 /* SnapchatUITests */ = {
			isa = PBXGroup;
			children = (
				7DB1358E24BFFB8F004A96D4 /* SnapchatUITests.swift */,
				7DB1359024BFFB8F004A96D4 /* Info.plist */,
			);
			path = SnapchatUITests;
			sourceTree = "<group>";
		};
		E7A3E8F46B62359F0BAE5533 /* Pods */ = {
			isa = PBXGroup;
			children = (
				35400C544A9688A181E4A06F /* Pods-Snapchat.debug.xcconfig */,
				E32359C52E143C9A46E8C0EE /* Pods-Snapchat.release.xcconfig */,
			);
			path = Pods;
			sourceTree = "<group>";
		};
/* End PBXGroup section */

/* Begin PBXNativeTarget section */
		7DB1356724BFFB8D004A96D4 /* Snapchat */ = {
			isa = PBXNativeTarget;
			buildConfigurationList = 7DB1359324BFFB8F004A96D4 /* Build configuration list for PBXNativeTarget "Snapchat" */;
			buildPhases = (
				409F8FA8EB337F36B5074B3B /* [CP] Check Pods Manifest.lock */,
				7DB1356424BFFB8D004A96D4 /* Sources */,
				7DB1356524BFFB8D004A96D4 /* Frameworks */,
				7DB1356624BFFB8D004A96D4 /* Resources */,
				9B52D12153C91862A2A28AFA /* [CP] Embed Pods Frameworks */,
			);
			buildRules = (
			);
			dependencies = (
			);
			name = Snapchat;
			productName = Snapchat;
			productReference = 7DB1356824BFFB8D004A96D4 /* Snapchat.app */;
			productType = "com.apple.product-type.application";
		};
		7DB1357E24BFFB8F004A96D4 /* SnapchatTests */ = {
			isa = PBXNativeTarget;
			buildConfigurationList = 7DB1359624BFFB8F004A96D4 /* Build configuration list for PBXNativeTarget "SnapchatTests" */;
			buildPhases = (
				7DB1357B24BFFB8F004A96D4 /* Sources */,
				7DB1357C24BFFB8F004A96D4 /* Frameworks */,
				7DB1357D24BFFB8F004A96D4 /* Resources */,
			);
			buildRules = (
			);
			dependencies = (
				7DB1358124BFFB8F004A96D4 /* PBXTargetDependency */,
			);
			name = SnapchatTests;
			productName = SnapchatTests;
			productReference = 7DB1357F24BFFB8F004A96D4 /* SnapchatTests.xctest */;
			productType = "com.apple.product-type.bundle.unit-test";
		};
		7DB1358924BFFB8F004A96D4 /* SnapchatUITests */ = {
			isa = PBXNativeTarget;
			buildConfigurationList = 7DB1359924BFFB8F004A96D4 /* Build configuration list for PBXNativeTarget "SnapchatUITests" */;
			buildPhases = (
				7DB1358624BFFB8F004A96D4 /* Sources */,
				7DB1358724BFFB8F004A96D4 /* Frameworks */,
				7DB1358824BFFB8F004A96D4 /* Resources */,
			);
			buildRules = (
			);
			dependencies = (
				7DB1358C24BFFB8F004A96D4 /* PBXTargetDependency */,
			);
			name = SnapchatUITests;
			productName = SnapchatUITests;
			productReference = 7DB1358A24BFFB8F004A96D4 /* SnapchatUITests.xctest */;
			productType = "com.apple.product-type.bundle.ui-testing";
		};
/* End PBXNativeTarget section */

/* Begin PBXProject section */
		7DB1356024BFFB8D004A96D4 /* Project object */ = {
			isa = PBXProject;
			attributes = {
				LastSwiftUpdateCheck = 1030;
				LastUpgradeCheck = 1030;
				ORGANIZATIONNAME = com.tecsup;
				TargetAttributes = {
					7DB1356724BFFB8D004A96D4 = {
						CreatedOnToolsVersion = 10.3;
					};
					7DB1357E24BFFB8F004A96D4 = {
						CreatedOnToolsVersion = 10.3;
						TestTargetID = 7DB1356724BFFB8D004A96D4;
					};
					7DB1358924BFFB8F004A96D4 = {
						CreatedOnToolsVersion = 10.3;
						TestTargetID = 7DB1356724BFFB8D004A96D4;
					};
				};
			};
			buildConfigurationList = 7DB1356324BFFB8D004A96D4 /* Build configuration list for PBXProject "Snapchat" */;
			compatibilityVersion = "Xcode 9.3";
			developmentRegion = en;
			hasScannedForEncodings = 0;
			knownRegions = (
				en,
				Base,
			);
			mainGroup = 7DB1355F24BFFB8D004A96D4;
			productRefGroup = 7DB1356924BFFB8D004A96D4 /* Products */;
			projectDirPath = "";
			projectRoot = "";
			targets = (
				7DB1356724BFFB8D004A96D4 /* Snapchat */,
				7DB1357E24BFFB8F004A96D4 /* SnapchatTests */,
				7DB1358924BFFB8F004A96D4 /* SnapchatUITests */,
			);
		};
/* End PBXProject section */

/* Begin PBXResourcesBuildPhase section */
		7DB1356624BFFB8D004A96D4 /* Resources */ = {
			isa = PBXResourcesBuildPhase;
			buildActionMask = 2147483647;
			files = (
				7DB1357924BFFB8E004A96D4 /* LaunchScreen.storyboard in Resources */,
				7DB1359F24BFFCD9004A96D4 /* GoogleService-Info.plist in Resources */,
				7DB1357624BFFB8E004A96D4 /* Assets.xcassets in Resources */,
				7DB1357124BFFB8D004A96D4 /* Main.storyboard in Resources */,
			);
			runOnlyForDeploymentPostprocessing = 0;
		};
		7DB1357D24BFFB8F004A96D4 /* Resources */ = {
			isa = PBXResourcesBuildPhase;
			buildActionMask = 2147483647;
			files = (
			);
			runOnlyForDeploymentPostprocessing = 0;
		};
		7DB1358824BFFB8F004A96D4 /* Resources */ = {
			isa = PBXResourcesBuildPhase;
			buildActionMask = 2147483647;
			files = (
			);
			runOnlyForDeploymentPostprocessing = 0;
		};
/* End PBXResourcesBuildPhase section */

/* Begin PBXShellScriptBuildPhase section */
		409F8FA8EB337F36B5074B3B /* [CP] Check Pods Manifest.lock */ = {
			isa = PBXShellScriptBuildPhase;
			buildActionMask = 2147483647;
			files = (
			);
			inputFileListPaths = (
			);
			inputPaths = (
				"${PODS_PODFILE_DIR_PATH}/Podfile.lock",
				"${PODS_ROOT}/Manifest.lock",
			);
			name = "[CP] Check Pods Manifest.lock";
			outputFileListPaths = (
			);
			outputPaths = (
				"$(DERIVED_FILE_DIR)/Pods-Snapchat-checkManifestLockResult.txt",
			);
			runOnlyForDeploymentPostprocessing = 0;
			shellPath = /bin/sh;
			shellScript = "diff \"${PODS_PODFILE_DIR_PATH}/Podfile.lock\" \"${PODS_ROOT}/Manifest.lock\" > /dev/null\nif [ $? != 0 ] ; then\n    # print error to STDERR\n    echo \"error: The sandbox is not in sync with the Podfile.lock. Run 'pod install' or update your CocoaPods installation.\" >&2\n    exit 1\nfi\n# This output is used by Xcode 'outputs' to avoid re-running this script phase.\necho \"SUCCESS\" > \"${SCRIPT_OUTPUT_FILE_0}\"\n";
			showEnvVarsInLog = 0;
		};
		9B52D12153C91862A2A28AFA /* [CP] Embed Pods Frameworks */ = {
			isa = PBXShellScriptBuildPhase;
			buildActionMask = 2147483647;
			files = (
			);
			inputFileListPaths = (
				"${PODS_ROOT}/Target Support Files/Pods-Snapchat/Pods-Snapchat-frameworks-${CONFIGURATION}-input-files.xcfilelist",
			);
			name = "[CP] Embed Pods Frameworks";
			outputFileListPaths = (
				"${PODS_ROOT}/Target Support Files/Pods-Snapchat/Pods-Snapchat-frameworks-${CONFIGURATION}-output-files.xcfilelist",
			);
			runOnlyForDeploymentPostprocessing = 0;
			shellPath = /bin/sh;
			shellScript = "\"${PODS_ROOT}/Target Support Files/Pods-Snapchat/Pods-Snapchat-frameworks.sh\"\n";
			showEnvVarsInLog = 0;
		};
/* End PBXShellScriptBuildPhase section */

/* Begin PBXSourcesBuildPhase section */
		7DB1356424BFFB8D004A96D4 /* Sources */ = {
			isa = PBXSourcesBuildPhase;
			buildActionMask = 2147483647;
			files = (
				7DB1356E24BFFB8D004A96D4 /* iniciarSesionViewController.swift in Sources */,
				7DB1357424BFFB8D004A96D4 /* Snapchat.xcdatamodeld in Sources */,
				7DB1356C24BFFB8D004A96D4 /* AppDelegate.swift in Sources */,
			);
			runOnlyForDeploymentPostprocessing = 0;
		};
		7DB1357B24BFFB8F004A96D4 /* Sources */ = {
			isa = PBXSourcesBuildPhase;
			buildActionMask = 2147483647;
			files = (
				7DB1358424BFFB8F004A96D4 /* SnapchatTests.swift in Sources */,
			);
			runOnlyForDeploymentPostprocessing = 0;
		};
		7DB1358624BFFB8F004A96D4 /* Sources */ = {
			isa = PBXSourcesBuildPhase;
			buildActionMask = 2147483647;
			files = (
				7DB1358F24BFFB8F004A96D4 /* SnapchatUITests.swift in Sources */,
			);
			runOnlyForDeploymentPostprocessing = 0;
		};
/* End PBXSourcesBuildPhase section */

/* Begin PBXTargetDependency section */
		7DB1358124BFFB8F004A96D4 /* PBXTargetDependency */ = {
			isa = PBXTargetDependency;
			target = 7DB1356724BFFB8D004A96D4 /* Snapchat */;
			targetProxy = 7DB1358024BFFB8F004A96D4 /* PBXContainerItemProxy */;
		};
		7DB1358C24BFFB8F004A96D4 /* PBXTargetDependency */ = {
			isa = PBXTargetDependency;
			target = 7DB1356724BFFB8D004A96D4 /* Snapchat */;
			targetProxy = 7DB1358B24BFFB8F004A96D4 /* PBXContainerItemProxy */;
		};
/* End PBXTargetDependency section */

/* Begin PBXVariantGroup section */
		7DB1356F24BFFB8D004A96D4 /* Main.storyboard */ = {
			isa = PBXVariantGroup;
			children = (
				7DB1357024BFFB8D004A96D4 /* Base */,
			);
			name = Main.storyboard;
			sourceTree = "<group>";
		};
		7DB1357724BFFB8E004A96D4 /* LaunchScreen.storyboard */ = {
			isa = PBXVariantGroup;
			children = (
				7DB1357824BFFB8E004A96D4 /* Base */,
			);
			name = LaunchScreen.storyboard;
			sourceTree = "<group>";
		};
/* End PBXVariantGroup section */

/* Begin XCBuildConfiguration section */
		7DB1359124BFFB8F004A96D4 /* Debug */ = {
			isa = XCBuildConfiguration;
			buildSettings = {
				ALWAYS_SEARCH_USER_PATHS = NO;
				CLANG_ANALYZER_NONNULL = YES;
				CLANG_ANALYZER_NUMBER_OBJECT_CONVERSION = YES_AGGRESSIVE;
				CLANG_CXX_LANGUAGE_STANDARD = "gnu++14";
				CLANG_CXX_LIBRARY = "libc++";
				CLANG_ENABLE_MODULES = YES;
				CLANG_ENABLE_OBJC_ARC = YES;
				CLANG_ENABLE_OBJC_WEAK = YES;
				CLANG_WARN_BLOCK_CAPTURE_AUTORELEASING = YES;
				CLANG_WARN_BOOL_CONVERSION = YES;
				CLANG_WARN_COMMA = YES;
				CLANG_WARN_CONSTANT_CONVERSION = YES;
				CLANG_WARN_DEPRECATED_OBJC_IMPLEMENTATIONS = YES;
				CLANG_WARN_DIRECT_OBJC_ISA_USAGE = YES_ERROR;
				CLANG_WARN_DOCUMENTATION_COMMENTS = YES;
				CLANG_WARN_EMPTY_BODY = YES;
				CLANG_WARN_ENUM_CONVERSION = YES;
				CLANG_WARN_INFINITE_RECURSION = YES;
				CLANG_WARN_INT_CONVERSION = YES;
				CLANG_WARN_NON_LITERAL_NULL_CONVERSION = YES;
				CLANG_WARN_OBJC_IMPLICIT_RETAIN_SELF = YES;
				CLANG_WARN_OBJC_LITERAL_CONVERSION = YES;
				CLANG_WARN_OBJC_ROOT_CLASS = YES_ERROR;
				CLANG_WARN_RANGE_LOOP_ANALYSIS = YES;
				CLANG_WARN_STRICT_PROTOTYPES = YES;
				CLANG_WARN_SUSPICIOUS_MOVE = YES;
				CLANG_WARN_UNGUARDED_AVAILABILITY = YES_AGGRESSIVE;
				CLANG_WARN_UNREACHABLE_CODE = YES;
				CLANG_WARN__DUPLICATE_METHOD_MATCH = YES;
				CODE_SIGN_IDENTITY = "iPhone Developer";
				COPY_PHASE_STRIP = NO;
				DEBUG_INFORMATION_FORMAT = dwarf;
				ENABLE_STRICT_OBJC_MSGSEND = YES;
				ENABLE_TESTABILITY = YES;
				GCC_C_LANGUAGE_STANDARD = gnu11;
				GCC_DYNAMIC_NO_PIC = NO;
				GCC_NO_COMMON_BLOCKS = YES;
				GCC_OPTIMIZATION_LEVEL = 0;
				GCC_PREPROCESSOR_DEFINITIONS = (
					"DEBUG=1",
					"$(inherited)",
				);
				GCC_WARN_64_TO_32_BIT_CONVERSION = YES;
				GCC_WARN_ABOUT_RETURN_TYPE = YES_ERROR;
				GCC_WARN_UNDECLARED_SELECTOR = YES;
				GCC_WARN_UNINITIALIZED_AUTOS = YES_AGGRESSIVE;
				GCC_WARN_UNUSED_FUNCTION = YES;
				GCC_WARN_UNUSED_VARIABLE = YES;
				IPHONEOS_DEPLOYMENT_TARGET = 12.4;
				MTL_ENABLE_DEBUG_INFO = INCLUDE_SOURCE;
				MTL_FAST_MATH = YES;
				ONLY_ACTIVE_ARCH = YES;
				SDKROOT = iphoneos;
				SWIFT_ACTIVE_COMPILATION_CONDITIONS = DEBUG;
				SWIFT_OPTIMIZATION_LEVEL = "-Onone";
			};
			name = Debug;
		};
		7DB1359224BFFB8F004A96D4 /* Release */ = {
			isa = XCBuildConfiguration;
			buildSettings = {
				ALWAYS_SEARCH_USER_PATHS = NO;
				CLANG_ANALYZER_NONNULL = YES;
				CLANG_ANALYZER_NUMBER_OBJECT_CONVERSION = YES_AGGRESSIVE;
				CLANG_CXX_LANGUAGE_STANDARD = "gnu++14";
				CLANG_CXX_LIBRARY = "libc++";
				CLANG_ENABLE_MODULES = YES;
				CLANG_ENABLE_OBJC_ARC = YES;
				CLANG_ENABLE_OBJC_WEAK = YES;
				CLANG_WARN_BLOCK_CAPTURE_AUTORELEASING = YES;
				CLANG_WARN_BOOL_CONVERSION = YES;
				CLANG_WARN_COMMA = YES;
				CLANG_WARN_CONSTANT_CONVERSION = YES;
				CLANG_WARN_DEPRECATED_OBJC_IMPLEMENTATIONS = YES;
				CLANG_WARN_DIRECT_OBJC_ISA_USAGE = YES_ERROR;
				CLANG_WARN_DOCUMENTATION_COMMENTS = YES;
				CLANG_WARN_EMPTY_BODY = YES;
				CLANG_WARN_ENUM_CONVERSION = YES;
				CLANG_WARN_INFINITE_RECURSION = YES;
				CLANG_WARN_INT_CONVERSION = YES;
				CLANG_WARN_NON_LITERAL_NULL_CONVERSION = YES;
				CLANG_WARN_OBJC_IMPLICIT_RETAIN_SELF = YES;
				CLANG_WARN_OBJC_LITERAL_CONVERSION = YES;
				CLANG_WARN_OBJC_ROOT_CLASS = YES_ERROR;
				CLANG_WARN_RANGE_LOOP_ANALYSIS = YES;
				CLANG_WARN_STRICT_PROTOTYPES = YES;
				CLANG_WARN_SUSPICIOUS_MOVE = YES;
				CLANG_WARN_UNGUARDED_AVAILABILITY = YES_AGGRESSIVE;
				CLANG_WARN_UNREACHABLE_CODE = YES;
				CLANG_WARN__DUPLICATE_METHOD_MATCH = YES;
				CODE_SIGN_IDENTITY = "iPhone Developer";
				COPY_PHASE_STRIP = NO;
				DEBUG_INFORMATION_FORMAT = "dwarf-with-dsym";
				ENABLE_NS_ASSERTIONS = NO;
				ENABLE_STRICT_OBJC_MSGSEND = YES;
				GCC_C_LANGUAGE_STANDARD = gnu11;
				GCC_NO_COMMON_BLOCKS = YES;
				GCC_WARN_64_TO_32_BIT_CONVERSION = YES;
				GCC_WARN_ABOUT_RETURN_TYPE = YES_ERROR;
				GCC_WARN_UNDECLARED_SELECTOR = YES;
				GCC_WARN_UNINITIALIZED_AUTOS = YES_AGGRESSIVE;
				GCC_WARN_UNUSED_FUNCTION = YES;
				GCC_WARN_UNUSED_VARIABLE = YES;
				IPHONEOS_DEPLOYMENT_TARGET = 12.4;
				MTL_ENABLE_DEBUG_INFO = NO;
				MTL_FAST_MATH = YES;
				SDKROOT = iphoneos;
				SWIFT_COMPILATION_MODE = wholemodule;
				SWIFT_OPTIMIZATION_LEVEL = "-O";
				VALIDATE_PRODUCT = YES;
			};
			name = Release;
		};
		7DB1359424BFFB8F004A96D4 /* Debug */ = {
			isa = XCBuildConfiguration;
			baseConfigurationReference = 35400C544A9688A181E4A06F /* Pods-Snapchat.debug.xcconfig */;
			buildSettings = {
				ASSETCATALOG_COMPILER_APPICON_NAME = AppIcon;
				CODE_SIGN_STYLE = Automatic;
				INFOPLIST_FILE = Snapchat/Info.plist;
				LD_RUNPATH_SEARCH_PATHS = (
					"$(inherited)",
					"@executable_path/Frameworks",
				);
				PRODUCT_BUNDLE_IDENTIFIER = com.tecsup.Snapchat;
				PRODUCT_NAME = "$(TARGET_NAME)";
				SWIFT_VERSION = 4.2;
				TARGETED_DEVICE_FAMILY = "1,2";
			};
			name = Debug;
		};
		7DB1359524BFFB8F004A96D4 /* Release */ = {
			isa = XCBuildConfiguration;
			baseConfigurationReference = E32359C52E143C9A46E8C0EE /* Pods-Snapchat.release.xcconfig */;
			buildSettings = {
				ASSETCATALOG_COMPILER_APPICON_NAME = AppIcon;
				CODE_SIGN_STYLE = Automatic;
				INFOPLIST_FILE = Snapchat/Info.plist;
				LD_RUNPATH_SEARCH_PATHS = (
					"$(inherited)",
					"@executable_path/Frameworks",
				);
				PRODUCT_BUNDLE_IDENTIFIER = com.tecsup.Snapchat;
				PRODUCT_NAME = "$(TARGET_NAME)";
				SWIFT_VERSION = 4.2;
				TARGETED_DEVICE_FAMILY = "1,2";
			};
			name = Release;
		};
		7DB1359724BFFB8F004A96D4 /* Debug */ = {
			isa = XCBuildConfiguration;
			buildSettings = {
				ALWAYS_EMBED_SWIFT_STANDARD_LIBRARIES = YES;
				BUNDLE_LOADER = "$(TEST_HOST)";
				CODE_SIGN_STYLE = Automatic;
				INFOPLIST_FILE = SnapchatTests/Info.plist;
				LD_RUNPATH_SEARCH_PATHS = (
					"$(inherited)",
					"@executable_path/Frameworks",
					"@loader_path/Frameworks",
				);
				PRODUCT_BUNDLE_IDENTIFIER = com.tecsup.SnapchatTests;
				PRODUCT_NAME = "$(TARGET_NAME)";
				SWIFT_VERSION = 5.0;
				TARGETED_DEVICE_FAMILY = "1,2";
				TEST_HOST = "$(BUILT_PRODUCTS_DIR)/Snapchat.app/Snapchat";
			};
			name = Debug;
		};
		7DB1359824BFFB8F004A96D4 /* Release */ = {
			isa = XCBuildConfiguration;
			buildSettings = {
				ALWAYS_EMBED_SWIFT_STANDARD_LIBRARIES = YES;
				BUNDLE_LOADER = "$(TEST_HOST)";
				CODE_SIGN_STYLE = Automatic;
				INFOPLIST_FILE = SnapchatTests/Info.plist;
				LD_RUNPATH_SEARCH_PATHS = (
					"$(inherited)",
					"@executable_path/Frameworks",
					"@loader_path/Frameworks",
				);
				PRODUCT_BUNDLE_IDENTIFIER = com.tecsup.SnapchatTests;
				PRODUCT_NAME = "$(TARGET_NAME)";
				SWIFT_VERSION = 5.0;
				TARGETED_DEVICE_FAMILY = "1,2";
				TEST_HOST = "$(BUILT_PRODUCTS_DIR)/Snapchat.app/Snapchat";
			};
			name = Release;
		};
		7DB1359A24BFFB8F004A96D4 /* Debug */ = {
			isa = XCBuildConfiguration;
			buildSettings = {
				ALWAYS_EMBED_SWIFT_STANDARD_LIBRARIES = YES;
				CODE_SIGN_STYLE = Automatic;
				INFOPLIST_FILE = SnapchatUITests/Info.plist;
				LD_RUNPATH_SEARCH_PATHS = (
					"$(inherited)",
					"@executable_path/Frameworks",
					"@loader_path/Frameworks",
				);
				PRODUCT_BUNDLE_IDENTIFIER = com.tecsup.SnapchatUITests;
				PRODUCT_NAME = "$(TARGET_NAME)";
				SWIFT_VERSION = 5.0;
				TARGETED_DEVICE_FAMILY = "1,2";
				TEST_TARGET_NAME = Snapchat;
			};
			name = Debug;
		};
		7DB1359B24BFFB8F004A96D4 /* Release */ = {
			isa = XCBuildConfiguration;
			buildSettings = {
				ALWAYS_EMBED_SWIFT_STANDARD_LIBRARIES = YES;
				CODE_SIGN_STYLE = Automatic;
				INFOPLIST_FILE = SnapchatUITests/Info.plist;
				LD_RUNPATH_SEARCH_PATHS = (
					"$(inherited)",
					"@executable_path/Frameworks",
					"@loader_path/Frameworks",
				);
				PRODUCT_BUNDLE_IDENTIFIER = com.tecsup.SnapchatUITests;
				PRODUCT_NAME = "$(TARGET_NAME)";
				SWIFT_VERSION = 5.0;
				TARGETED_DEVICE_FAMILY = "1,2";
				TEST_TARGET_NAME = Snapchat;
			};
			name = Release;
		};
/* End XCBuildConfiguration section */

/* Begin XCConfigurationList section */
		7DB1356324BFFB8D004A96D4 /* Build configuration list for PBXProject "Snapchat" */ = {
			isa = XCConfigurationList;
			buildConfigurations = (
				7DB1359124BFFB8F004A96D4 /* Debug */,
				7DB1359224BFFB8F004A96D4 /* Release */,
			);
			defaultConfigurationIsVisible = 0;
			defaultConfigurationName = Release;
		};
		7DB1359324BFFB8F004A96D4 /* Build configuration list for PBXNativeTarget "Snapchat" */ = {
			isa = XCConfigurationList;
			buildConfigurations = (
				7DB1359424BFFB8F004A96D4 /* Debug */,
				7DB1359524BFFB8F004A96D4 /* Release */,
			);
			defaultConfigurationIsVisible = 0;
			defaultConfigurationName = Release;
		};
		7DB1359624BFFB8F004A96D4 /* Build configuration list for PBXNativeTarget "SnapchatTests" */ = {
			isa = XCConfigurationList;
			buildConfigurations = (
				7DB1359724BFFB8F004A96D4 /* Debug */,
				7DB1359824BFFB8F004A96D4 /* Release */,
			);
			defaultConfigurationIsVisible = 0;
			defaultConfigurationName = Release;
		};
		7DB1359924BFFB8F004A96D4 /* Build configuration list for PBXNativeTarget "SnapchatUITests" */ = {
			isa = XCConfigurationList;
			buildConfigurations = (
				7DB1359A24BFFB8F004A96D4 /* Debug */,
				7DB1359B24BFFB8F004A96D4 /* Release */,
			);
			defaultConfigurationIsVisible = 0;
			defaultConfigurationName = Release;
		};
/* End XCConfigurationList section */

/* Begin XCVersionGroup section */
		7DB1357224BFFB8D004A96D4 /* Snapchat.xcdatamodeld */ = {
			isa = XCVersionGroup;
			children = (
				7DB1357324BFFB8D004A96D4 /* Snapchat.xcdatamodel */,
			);
			currentVersion = 7DB1357324BFFB8D004A96D4 /* Snapchat.xcdatamodel */;
			path = Snapchat.xcdatamodeld;
			sourceTree = "<group>";
			versionGroupType = wrapper.xcdatamodel;
		};
/* End XCVersionGroup section */
	};
	rootObject = 7DB1356024BFFB8D004A96D4 /* Project object */;
}
